
Microsoft Visual Studio Solution File, Format Version 12.00
# Visual Studio Version 16
VisualStudioVersion = 16.0.32510.428
MinimumVisualStudioVersion = 10.0.40219.1
Project("{FAE04EC0-301F-11D3-BF4B-00C04F79EFBC}") = "HW14", "HW14\HW14.csproj", "{A42BE83E-293B-40A3-9FAB-4EC1380CADCE}"
EndProject
Global
	GlobalSection(SolutionConfigurationPlatforms) = preSolution
		Debug|Any CPU = Debug|Any CPU
		Release|Any CPU = Release|Any CPU
	EndGlobalSection
	GlobalSection(ProjectConfigurationPlatforms) = postSolution
		{A42BE83E-293B-40A3-9FAB-4EC1380CADCE}.Debug|Any CPU.ActiveCfg = Debug|Any CPU
		{A42BE83E-293B-40A3-9FAB-4EC1380CADCE}.Debug|Any CPU.Build.0 = Debug|Any CPU
		{A42BE83E-293B-40A3-9FAB-4EC1380CADCE}.Release|Any CPU.ActiveCfg = Release|Any CPU
		{A42BE83E-293B-40A3-9FAB-4EC1380CADCE}.Release|Any CPU.Build.0 = Release|Any CPU
	EndGlobalSection
	GlobalSection(SolutionProperties) = preSolution
		HideSolutionNode = FALSE
	EndGlobalSection
	GlobalSection(ExtensibilityGlobals) = postSolution
		SolutionGuid = {658D3F13-97F6-4BA0-B09B-BB901BC16832}
	EndGlobalSection
EndGlobal
